
Microsoft Visual Studio Solution File, Format Version 12.00
# Visual Studio Version 17
VisualStudioVersion = 17.8.34316.72
MinimumVisualStudioVersion = 10.0.40219.1
Project("{FAE04EC0-301F-11D3-BF4B-00C04F79EFBC}") = "MauiAppByAntDesign", "MauiAppByAntDesign.csproj", "{46CFA60D-4284-4306-8CC6-28D85801BE5D}"
EndProject
Global
	GlobalSection(SolutionConfigurationPlatforms) = preSolution
		Debug|Any CPU = Debug|Any CPU
		Release|Any CPU = Release|Any CPU
	EndGlobalSection
	GlobalSection(ProjectConfigurationPlatforms) = postSolution
		{46CFA60D-4284-4306-8CC6-28D85801BE5D}.Debug|Any CPU.ActiveCfg = Debug|Any CPU
		{46CFA60D-4284-4306-8CC6-28D85801BE5D}.Debug|Any CPU.Build.0 = Debug|Any CPU
		{46CFA60D-4284-4306-8CC6-28D85801BE5D}.Debug|Any CPU.Deploy.0 = Debug|Any CPU
		{46CFA60D-4284-4306-8CC6-28D85801BE5D}.Release|Any CPU.ActiveCfg = Release|Any CPU
		{46CFA60D-4284-4306-8CC6-28D85801BE5D}.Release|Any CPU.Build.0 = Release|Any CPU
		{46CFA60D-4284-4306-8CC6-28D85801BE5D}.Release|Any CPU.Deploy.0 = Release|Any CPU
	EndGlobalSection
	GlobalSection(SolutionProperties) = preSolution
		HideSolutionNode = FALSE
	EndGlobalSection
	GlobalSection(ExtensibilityGlobals) = postSolution
		SolutionGuid = {AB0777E7-415F-4E5D-B9E3-025B0883B4F0}
	EndGlobalSection
EndGlobal
